
Microsoft Visual Studio Solution File, Format Version 12.00
# Visual Studio Version 17
VisualStudioVersion = 17.10.35027.167
MinimumVisualStudioVersion = 10.0.40219.1
Project("{FAE04EC0-301F-11D3-BF4B-00C04F79EFBC}") = "ProjetoElite", "ProjetoElite\ProjetoElite.csproj", "{84E00101-4182-44DB-AED4-20208FD2C943}"
EndProject
Global
	GlobalSection(SolutionConfigurationPlatforms) = preSolution
		Debug|Any CPU = Debug|Any CPU
		Release|Any CPU = Release|Any CPU
	EndGlobalSection
	GlobalSection(ProjectConfigurationPlatforms) = postSolution
		{84E00101-4182-44DB-AED4-20208FD2C943}.Debug|Any CPU.ActiveCfg = Debug|Any CPU
		{84E00101-4182-44DB-AED4-20208FD2C943}.Debug|Any CPU.Build.0 = Debug|Any CPU
		{84E00101-4182-44DB-AED4-20208FD2C943}.Release|Any CPU.ActiveCfg = Release|Any CPU
		{84E00101-4182-44DB-AED4-20208FD2C943}.Release|Any CPU.Build.0 = Release|Any CPU
	EndGlobalSection
	GlobalSection(SolutionProperties) = preSolution
		HideSolutionNode = FALSE
	EndGlobalSection
	GlobalSection(ExtensibilityGlobals) = postSolution
		SolutionGuid = {C4055A9C-AEEE-4A5B-897E-52232A7A15ED}
	EndGlobalSection
EndGlobal
